PODS:
  - IQKeyboardManager (4.0.13)
  - Masonry (1.0.2)
  - ReactiveObjC (3.0.0)

DEPENDENCIES:
  - IQKeyboardManager
  - Masonry
  - ReactiveObjC

SPEC CHECKSUMS:
  IQKeyboardManager: 8eab4d8111418414619d1df8e4779ce5d0f8d7e2
  Masonry: 7c429b56da9d4ee0bbb3ed77a5ea710d6a5df39e
  ReactiveObjC: ce79989e8684b9086b5f8d0c74bc7b81a8729c9e

PODFILE CHECKSUM: 2b74bc72728d5a34cf933a73c7698b00cbd5d4a5

COCOAPODS: 1.1.1
